
Microsoft Visual Studio Solution File, Format Version 12.00
# Visual Studio Version 17
VisualStudioVersion = 17.8.34309.116
MinimumVisualStudioVersion = 10.0.40219.1
Project("{9A19103F-16F7-4668-BE54-9A1E7A4F7556}") = "YoGuiImageRetriever", "YoGuiImageRetriever\YoGuiImageRetriever.csproj", "{9E4578A6-2288-4736-8937-82B04214DF89}"
EndProject
Project("{54435603-DBB4-11D2-8724-00A0C9A8B90C}") = "YoGuiImageRetrieverSetup", "YoGuiImageRetrieverSetup\YoGuiImageRetrieverSetup.vdproj", "{C7E5E6C6-1BB7-4D07-8DB3-026D3B97FD79}"
EndProject
Global
	GlobalSection(SolutionConfigurationPlatforms) = preSolution
		Debug|Any CPU = Debug|Any CPU
		Release|Any CPU = Release|Any CPU
	EndGlobalSection
	GlobalSection(ProjectConfigurationPlatforms) = postSolution
		{9E4578A6-2288-4736-8937-82B04214DF89}.Debug|Any CPU.ActiveCfg = Debug|Any CPU
		{9E4578A6-2288-4736-8937-82B04214DF89}.Debug|Any CPU.Build.0 = Debug|Any CPU
		{9E4578A6-2288-4736-8937-82B04214DF89}.Release|Any CPU.ActiveCfg = Release|Any CPU
		{9E4578A6-2288-4736-8937-82B04214DF89}.Release|Any CPU.Build.0 = Release|Any CPU
		{C7E5E6C6-1BB7-4D07-8DB3-026D3B97FD79}.Debug|Any CPU.ActiveCfg = Debug
		{C7E5E6C6-1BB7-4D07-8DB3-026D3B97FD79}.Release|Any CPU.ActiveCfg = Release
	EndGlobalSection
	GlobalSection(SolutionProperties) = preSolution
		HideSolutionNode = FALSE
	EndGlobalSection
	GlobalSection(ExtensibilityGlobals) = postSolution
		SolutionGuid = {90652C66-6DE0-4A3D-80A3-9527F42D9A79}
	EndGlobalSection
EndGlobal
